
Microsoft Visual Studio Solution File, Format Version 12.00
# Visual Studio Version 17
VisualStudioVersion = 17.12.35527.113
MinimumVisualStudioVersion = 10.0.40219.1
Project("{FAE04EC0-301F-11D3-BF4B-00C04F79EFBC}") = "CSharpConsoleApp", "Projects\CSharp\CSharpConsoleApp.csproj", "{3513E15E-7511-4EAA-BA25-61582EAFD4C0}"
EndProject
Project("{8BC9CEB8-8B4A-11D0-8D11-00A0C91BC942}") = "CppConsoleApp", "Projects\CppInterop\CppInterop.vcxproj", "{865C9FDD-8242-4555-981C-E475C4C4ADE1}"
EndProject
Project("{8BC9CEB8-8B4A-11D0-8D11-00A0C91BC942}") = "CppPInvoke", "CppInteropLib\CppInteropLib.vcxproj", "{1FDEB186-2B91-46F1-8B4C-E7F17D9256AC}"
EndProject
Project("{FAE04EC0-301F-11D3-BF4B-00C04F79EFBC}") = "CSharpPInvoke", "CSharpInteropApp\CSharpPInvoke.csproj", "{1D37C936-B6A3-465C-9DFC-3E951F1DF705}"
EndProject
Project("{8BC9CEB8-8B4A-11D0-8D11-00A0C91BC942}") = "CppCli", "CppCliBridge\CppCliBridge.vcxproj", "{81D89606-C40E-2686-C9F0-5DC635D94442}"
EndProject
Project("{8BC9CEB8-8B4A-11D0-8D11-00A0C91BC942}") = "HeaderOnlyLib", "HeaderOnlyLib\HeaderOnlyLib.vcxproj", "{228ACFB5-A16D-40D1-8DEF-0748FF1BDF36}"
EndProject
Project("{2150E333-8FDC-42A3-9474-1A3956D46DE8}") = "PInvokeInterop", "PInvokeInterop", "{1B236FB4-1778-4085-A9BE-39E5939E3F87}"
EndProject
Project("{2150E333-8FDC-42A3-9474-1A3956D46DE8}") = "Basics", "Basics", "{17B4FCFD-C724-4CA7-B70C-3493CD6F6160}"
EndProject
Project("{2150E333-8FDC-42A3-9474-1A3956D46DE8}") = "CppCliInterop", "CppCliInterop", "{3AFDEBF1-4B99-4F0A-923B-6D6D01B8587A}"
EndProject
Project("{2150E333-8FDC-42A3-9474-1A3956D46DE8}") = "Solution Items", "Solution Items", "{8EC462FD-D22E-90A8-E5CE-7E832BA40C5D}"
	ProjectSection(SolutionItems) = preProject
		README.md = README.md
	EndProjectSection
EndProject
Project("{FAE04EC0-301F-11D3-BF4B-00C04F79EFBC}") = "CSharpEntryPoint", "CSharpCli\CSharpEntryPoint.csproj", "{3677E08A-4789-4ACD-9006-5D241B1EFA60}"
EndProject
Project("{FAE04EC0-301F-11D3-BF4B-00C04F79EFBC}") = "CSharpCli", "ClassLibrary1\CSharpCli.csproj", "{8E08588B-9845-4AB7-81C4-44DF03E79882}"
EndProject
Project("{2150E333-8FDC-42A3-9474-1A3956D46DE8}") = "WinApiPlayground", "WinApiPlayground", "{02EA681E-C7D8-13C7-8484-4AC65E1B71E8}"
	ProjectSection(SolutionItems) = preProject
		BUILD.md = BUILD.md
		NOTES.md = NOTES.md
	EndProjectSection
EndProject
Project("{8BC9CEB8-8B4A-11D0-8D11-00A0C91BC942}") = "WinApiMinimal", "WinApiMinimal\WinApiMinimal.vcxproj", "{CB92C1A7-0ADD-4B0D-BA8C-20BE6C695D6C}"
EndProject
Project("{8BC9CEB8-8B4A-11D0-8D11-00A0C91BC942}") = "BasicComConsumer", "ComMinimal\ComMinimal.vcxproj", "{3027E5E2-6A32-4B5A-9AD6-4A1B7FA3FA4E}"
EndProject
Project("{2150E333-8FDC-42A3-9474-1A3956D46DE8}") = "DLLs", "DLLs", "{051C1662-7795-4D96-904A-1C2C0215B3C9}"
EndProject
Project("{8BC9CEB8-8B4A-11D0-8D11-00A0C91BC942}") = "MathDLL", "MathDLL\MathDLL.vcxproj", "{088CBC99-30A5-46A5-9F51-E48C3A16BF6B}"
EndProject
Project("{8BC9CEB8-8B4A-11D0-8D11-00A0C91BC942}") = "DLLConsumer", "DLLConsumer\DLLConsumer.vcxproj", "{B257AC83-965F-4CDC-AC3A-0D69FE82727A}"
EndProject
Project("{8BC9CEB8-8B4A-11D0-8D11-00A0C91BC942}") = "DynamicDLLConsumer", "DynamicDLLConsumer\DynamicDLLConsumer.vcxproj", "{4AF8C480-C37A-413E-9BDA-A20065062DD9}"
EndProject
Project("{2150E333-8FDC-42A3-9474-1A3956D46DE8}") = "FakeCOM", "FakeCOM", "{316122A8-2B3C-44A8-B091-51B5D7EAF2D2}"
	ProjectSection(SolutionItems) = preProject
		FakeCOMNotes.md = FakeCOMNotes.md
	EndProjectSection
EndProject
Project("{8BC9CEB8-8B4A-11D0-8D11-00A0C91BC942}") = "FakeComDLL", "FakeComDLL\FakeComDLL.vcxproj", "{A5C74A04-9575-404E-BF77-AB3E1EE88574}"
EndProject
Project("{8BC9CEB8-8B4A-11D0-8D11-00A0C91BC942}") = "FakeComConsumer", "FakeComConsumer\FakeComConsumer.vcxproj", "{22BFF723-7306-4DE7-AE16-A6CD5F1B7A61}"
EndProject
Project("{8BC9CEB8-8B4A-11D0-8D11-00A0C91BC942}") = "FakeComRuntime", "FakeComRuntime\FakeComRuntime.vcxproj", "{D331D204-0AE0-4B33-94D8-90FFEFDFDD93}"
EndProject
Project("{2150E333-8FDC-42A3-9474-1A3956D46DE8}") = "NativeCOM", "NativeCOM", "{1164672A-9DA1-4D47-9F54-C393A473BB3E}"
	ProjectSection(SolutionItems) = preProject
		NativeCOM\README.md = NativeCOM\README.md
	EndProjectSection
EndProject
Project("{8BC9CEB8-8B4A-11D0-8D11-00A0C91BC942}") = "NativeComClient", "NativeCOM\NativeComClient\NativeComClient.vcxproj", "{E30F0ADB-BCB7-4038-A02D-C99EC868DA1F}"
EndProject
Project("{8BC9CEB8-8B4A-11D0-8D11-00A0C91BC942}") = "NativeComDll", "NativeCOM\NativeComDll\NativeComDll.vcxproj", "{6FFC8633-CEC6-494A-A714-2D18A41A666F}"
EndProject
Project("{8BC9CEB8-8B4A-11D0-8D11-00A0C91BC942}") = "CppWithVcpkg", "CPPwithFmt\CPPwithFmt.vcxproj", "{50380E48-0D76-4014-BE31-A83C7BA09D53}"
EndProject
Project("{8BC9CEB8-8B4A-11D0-8D11-00A0C91BC942}") = "CppConcurrent", "CppConcurrent\CppConcurrent.vcxproj", "{14266852-BB1C-4893-913F-B40AC157EF1F}"
EndProject
Project("{2150E333-8FDC-42A3-9474-1A3956D46DE8}") = "ATL", "ATL", "{16FD1C72-B0F3-46FC-9230-A2A1D45D3BFE}"
EndProject
Project("{8BC9CEB8-8B4A-11D0-8D11-00A0C91BC942}") = "AtlComDll", "AtlComDll\AtlComDll.vcxproj", "{23F7DBE7-C1AB-D640-EBB5-5E47A0B47646}"
EndProject
Project("{8BC9CEB8-8B4A-11D0-8D11-00A0C91BC942}") = "AtlComDllPS", "AtlComDllPS\AtlComDllPS.vcxproj", "{95106016-902F-3DB9-1B2E-5A23698FCAE1}"
	ProjectSection(ProjectDependencies) = postProject
		{23F7DBE7-C1AB-D640-EBB5-5E47A0B47646} = {23F7DBE7-C1AB-D640-EBB5-5E47A0B47646}
	EndProjectSection
EndProject
Global
	GlobalSection(SolutionConfigurationPlatforms) = preSolution
		Debug|Any CPU = Debug|Any CPU
		Debug|x64 = Debug|x64
		Debug|x86 = Debug|x86
		Release|Any CPU = Release|Any CPU
		Release|x64 = Release|x64
		Release|x86 = Release|x86
	EndGlobalSection
	GlobalSection(ProjectConfigurationPlatforms) = postSolution
		{3513E15E-7511-4EAA-BA25-61582EAFD4C0}.Debug|Any CPU.ActiveCfg = Debug|Any CPU
		{3513E15E-7511-4EAA-BA25-61582EAFD4C0}.Debug|Any CPU.Build.0 = Debug|Any CPU
		{3513E15E-7511-4EAA-BA25-61582EAFD4C0}.Debug|x64.ActiveCfg = Debug|Any CPU
		{3513E15E-7511-4EAA-BA25-61582EAFD4C0}.Debug|x64.Build.0 = Debug|Any CPU
		{3513E15E-7511-4EAA-BA25-61582EAFD4C0}.Debug|x86.ActiveCfg = Debug|Any CPU
		{3513E15E-7511-4EAA-BA25-61582EAFD4C0}.Debug|x86.Build.0 = Debug|Any CPU
		{3513E15E-7511-4EAA-BA25-61582EAFD4C0}.Release|Any CPU.ActiveCfg = Release|Any CPU
		{3513E15E-7511-4EAA-BA25-61582EAFD4C0}.Release|Any CPU.Build.0 = Release|Any CPU
		{3513E15E-7511-4EAA-BA25-61582EAFD4C0}.Release|x64.ActiveCfg = Release|Any CPU
		{3513E15E-7511-4EAA-BA25-61582EAFD4C0}.Release|x64.Build.0 = Release|Any CPU
		{3513E15E-7511-4EAA-BA25-61582EAFD4C0}.Release|x86.ActiveCfg = Release|Any CPU
		{3513E15E-7511-4EAA-BA25-61582EAFD4C0}.Release|x86.Build.0 = Release|Any CPU
		{865C9FDD-8242-4555-981C-E475C4C4ADE1}.Debug|Any CPU.ActiveCfg = Debug|x64
		{865C9FDD-8242-4555-981C-E475C4C4ADE1}.Debug|Any CPU.Build.0 = Debug|x64
		{865C9FDD-8242-4555-981C-E475C4C4ADE1}.Debug|x64.ActiveCfg = Debug|x64
		{865C9FDD-8242-4555-981C-E475C4C4ADE1}.Debug|x64.Build.0 = Debug|x64
		{865C9FDD-8242-4555-981C-E475C4C4ADE1}.Debug|x86.ActiveCfg = Debug|Win32
		{865C9FDD-8242-4555-981C-E475C4C4ADE1}.Debug|x86.Build.0 = Debug|Win32
		{865C9FDD-8242-4555-981C-E475C4C4ADE1}.Release|Any CPU.ActiveCfg = Release|x64
		{865C9FDD-8242-4555-981C-E475C4C4ADE1}.Release|Any CPU.Build.0 = Release|x64
		{865C9FDD-8242-4555-981C-E475C4C4ADE1}.Release|x64.ActiveCfg = Release|x64
		{865C9FDD-8242-4555-981C-E475C4C4ADE1}.Release|x64.Build.0 = Release|x64
		{865C9FDD-8242-4555-981C-E475C4C4ADE1}.Release|x86.ActiveCfg = Release|Win32
		{865C9FDD-8242-4555-981C-E475C4C4ADE1}.Release|x86.Build.0 = Release|Win32
		{1FDEB186-2B91-46F1-8B4C-E7F17D9256AC}.Debug|Any CPU.ActiveCfg = Debug|x64
		{1FDEB186-2B91-46F1-8B4C-E7F17D9256AC}.Debug|Any CPU.Build.0 = Debug|x64
		{1FDEB186-2B91-46F1-8B4C-E7F17D9256AC}.Debug|x64.ActiveCfg = Debug|x64
		{1FDEB186-2B91-46F1-8B4C-E7F17D9256AC}.Debug|x64.Build.0 = Debug|x64
		{1FDEB186-2B91-46F1-8B4C-E7F17D9256AC}.Debug|x86.ActiveCfg = Debug|Win32
		{1FDEB186-2B91-46F1-8B4C-E7F17D9256AC}.Debug|x86.Build.0 = Debug|Win32
		{1FDEB186-2B91-46F1-8B4C-E7F17D9256AC}.Release|Any CPU.ActiveCfg = Release|x64
		{1FDEB186-2B91-46F1-8B4C-E7F17D9256AC}.Release|Any CPU.Build.0 = Release|x64
		{1FDEB186-2B91-46F1-8B4C-E7F17D9256AC}.Release|x64.ActiveCfg = Release|x64
		{1FDEB186-2B91-46F1-8B4C-E7F17D9256AC}.Release|x64.Build.0 = Release|x64
		{1FDEB186-2B91-46F1-8B4C-E7F17D9256AC}.Release|x86.ActiveCfg = Release|Win32
		{1FDEB186-2B91-46F1-8B4C-E7F17D9256AC}.Release|x86.Build.0 = Release|Win32
		{1D37C936-B6A3-465C-9DFC-3E951F1DF705}.Debug|Any CPU.ActiveCfg = Debug|Any CPU
		{1D37C936-B6A3-465C-9DFC-3E951F1DF705}.Debug|Any CPU.Build.0 = Debug|Any CPU
		{1D37C936-B6A3-465C-9DFC-3E951F1DF705}.Debug|x64.ActiveCfg = Debug|Any CPU
		{1D37C936-B6A3-465C-9DFC-3E951F1DF705}.Debug|x64.Build.0 = Debug|Any CPU
		{1D37C936-B6A3-465C-9DFC-3E951F1DF705}.Debug|x86.ActiveCfg = Debug|Any CPU
		{1D37C936-B6A3-465C-9DFC-3E951F1DF705}.Debug|x86.Build.0 = Debug|Any CPU
		{1D37C936-B6A3-465C-9DFC-3E951F1DF705}.Release|Any CPU.ActiveCfg = Release|Any CPU
		{1D37C936-B6A3-465C-9DFC-3E951F1DF705}.Release|Any CPU.Build.0 = Release|Any CPU
		{1D37C936-B6A3-465C-9DFC-3E951F1DF705}.Release|x64.ActiveCfg = Release|Any CPU
		{1D37C936-B6A3-465C-9DFC-3E951F1DF705}.Release|x64.Build.0 = Release|Any CPU
		{1D37C936-B6A3-465C-9DFC-3E951F1DF705}.Release|x86.ActiveCfg = Release|Any CPU
		{1D37C936-B6A3-465C-9DFC-3E951F1DF705}.Release|x86.Build.0 = Release|Any CPU
		{81D89606-C40E-2686-C9F0-5DC635D94442}.Debug|Any CPU.ActiveCfg = Debug|x64
		{81D89606-C40E-2686-C9F0-5DC635D94442}.Debug|Any CPU.Build.0 = Debug|x64
		{81D89606-C40E-2686-C9F0-5DC635D94442}.Debug|x64.ActiveCfg = Debug|x64
		{81D89606-C40E-2686-C9F0-5DC635D94442}.Debug|x64.Build.0 = Debug|x64
		{81D89606-C40E-2686-C9F0-5DC635D94442}.Debug|x86.ActiveCfg = Debug|Win32
		{81D89606-C40E-2686-C9F0-5DC635D94442}.Debug|x86.Build.0 = Debug|Win32
		{81D89606-C40E-2686-C9F0-5DC635D94442}.Release|Any CPU.ActiveCfg = Release|x64
		{81D89606-C40E-2686-C9F0-5DC635D94442}.Release|Any CPU.Build.0 = Release|x64
		{81D89606-C40E-2686-C9F0-5DC635D94442}.Release|x64.ActiveCfg = Release|x64
		{81D89606-C40E-2686-C9F0-5DC635D94442}.Release|x64.Build.0 = Release|x64
		{81D89606-C40E-2686-C9F0-5DC635D94442}.Release|x86.ActiveCfg = Release|Win32
		{81D89606-C40E-2686-C9F0-5DC635D94442}.Release|x86.Build.0 = Release|Win32
		{228ACFB5-A16D-40D1-8DEF-0748FF1BDF36}.Debug|Any CPU.ActiveCfg = Debug|x64
		{228ACFB5-A16D-40D1-8DEF-0748FF1BDF36}.Debug|Any CPU.Build.0 = Debug|x64
		{228ACFB5-A16D-40D1-8DEF-0748FF1BDF36}.Debug|x64.ActiveCfg = Debug|x64
		{228ACFB5-A16D-40D1-8DEF-0748FF1BDF36}.Debug|x64.Build.0 = Debug|x64
		{228ACFB5-A16D-40D1-8DEF-0748FF1BDF36}.Debug|x86.ActiveCfg = Debug|Win32
		{228ACFB5-A16D-40D1-8DEF-0748FF1BDF36}.Debug|x86.Build.0 = Debug|Win32
		{228ACFB5-A16D-40D1-8DEF-0748FF1BDF36}.Release|Any CPU.ActiveCfg = Release|x64
		{228ACFB5-A16D-40D1-8DEF-0748FF1BDF36}.Release|Any CPU.Build.0 = Release|x64
		{228ACFB5-A16D-40D1-8DEF-0748FF1BDF36}.Release|x64.ActiveCfg = Release|x64
		{228ACFB5-A16D-40D1-8DEF-0748FF1BDF36}.Release|x64.Build.0 = Release|x64
		{228ACFB5-A16D-40D1-8DEF-0748FF1BDF36}.Release|x86.ActiveCfg = Release|Win32
		{228ACFB5-A16D-40D1-8DEF-0748FF1BDF36}.Release|x86.Build.0 = Release|Win32
		{3677E08A-4789-4ACD-9006-5D241B1EFA60}.Debug|Any CPU.ActiveCfg = Debug|Any CPU
		{3677E08A-4789-4ACD-9006-5D241B1EFA60}.Debug|Any CPU.Build.0 = Debug|Any CPU
		{3677E08A-4789-4ACD-9006-5D241B1EFA60}.Debug|x64.ActiveCfg = Debug|Any CPU
		{3677E08A-4789-4ACD-9006-5D241B1EFA60}.Debug|x64.Build.0 = Debug|Any CPU
		{3677E08A-4789-4ACD-9006-5D241B1EFA60}.Debug|x86.ActiveCfg = Debug|Any CPU
		{3677E08A-4789-4ACD-9006-5D241B1EFA60}.Debug|x86.Build.0 = Debug|Any CPU
		{3677E08A-4789-4ACD-9006-5D241B1EFA60}.Release|Any CPU.ActiveCfg = Release|Any CPU
		{3677E08A-4789-4ACD-9006-5D241B1EFA60}.Release|Any CPU.Build.0 = Release|Any CPU
		{3677E08A-4789-4ACD-9006-5D241B1EFA60}.Release|x64.ActiveCfg = Release|Any CPU
		{3677E08A-4789-4ACD-9006-5D241B1EFA60}.Release|x64.Build.0 = Release|Any CPU
		{3677E08A-4789-4ACD-9006-5D241B1EFA60}.Release|x86.ActiveCfg = Release|Any CPU
		{3677E08A-4789-4ACD-9006-5D241B1EFA60}.Release|x86.Build.0 = Release|Any CPU
		{8E08588B-9845-4AB7-81C4-44DF03E79882}.Debug|Any CPU.ActiveCfg = Debug|Any CPU
		{8E08588B-9845-4AB7-81C4-44DF03E79882}.Debug|Any CPU.Build.0 = Debug|Any CPU
		{8E08588B-9845-4AB7-81C4-44DF03E79882}.Debug|x64.ActiveCfg = Debug|Any CPU
		{8E08588B-9845-4AB7-81C4-44DF03E79882}.Debug|x64.Build.0 = Debug|Any CPU
		{8E08588B-9845-4AB7-81C4-44DF03E79882}.Debug|x86.ActiveCfg = Debug|Any CPU
		{8E08588B-9845-4AB7-81C4-44DF03E79882}.Debug|x86.Build.0 = Debug|Any CPU
		{8E08588B-9845-4AB7-81C4-44DF03E79882}.Release|Any CPU.ActiveCfg = Release|Any CPU
		{8E08588B-9845-4AB7-81C4-44DF03E79882}.Release|Any CPU.Build.0 = Release|Any CPU
		{8E08588B-9845-4AB7-81C4-44DF03E79882}.Release|x64.ActiveCfg = Release|Any CPU
		{8E08588B-9845-4AB7-81C4-44DF03E79882}.Release|x64.Build.0 = Release|Any CPU
		{8E08588B-9845-4AB7-81C4-44DF03E79882}.Release|x86.ActiveCfg = Release|Any CPU
		{8E08588B-9845-4AB7-81C4-44DF03E79882}.Release|x86.Build.0 = Release|Any CPU
		{CB92C1A7-0ADD-4B0D-BA8C-20BE6C695D6C}.Debug|Any CPU.ActiveCfg = Debug|x64
		{CB92C1A7-0ADD-4B0D-BA8C-20BE6C695D6C}.Debug|Any CPU.Build.0 = Debug|x64
		{CB92C1A7-0ADD-4B0D-BA8C-20BE6C695D6C}.Debug|x64.ActiveCfg = Debug|x64
		{CB92C1A7-0ADD-4B0D-BA8C-20BE6C695D6C}.Debug|x64.Build.0 = Debug|x64
		{CB92C1A7-0ADD-4B0D-BA8C-20BE6C695D6C}.Debug|x86.ActiveCfg = Debug|Win32
		{CB92C1A7-0ADD-4B0D-BA8C-20BE6C695D6C}.Debug|x86.Build.0 = Debug|Win32
		{CB92C1A7-0ADD-4B0D-BA8C-20BE6C695D6C}.Release|Any CPU.ActiveCfg = Release|x64
		{CB92C1A7-0ADD-4B0D-BA8C-20BE6C695D6C}.Release|Any CPU.Build.0 = Release|x64
		{CB92C1A7-0ADD-4B0D-BA8C-20BE6C695D6C}.Release|x64.ActiveCfg = Release|x64
		{CB92C1A7-0ADD-4B0D-BA8C-20BE6C695D6C}.Release|x64.Build.0 = Release|x64
		{CB92C1A7-0ADD-4B0D-BA8C-20BE6C695D6C}.Release|x86.ActiveCfg = Release|Win32
		{CB92C1A7-0ADD-4B0D-BA8C-20BE6C695D6C}.Release|x86.Build.0 = Release|Win32
		{3027E5E2-6A32-4B5A-9AD6-4A1B7FA3FA4E}.Debug|Any CPU.ActiveCfg = Debug|x64
		{3027E5E2-6A32-4B5A-9AD6-4A1B7FA3FA4E}.Debug|Any CPU.Build.0 = Debug|x64
		{3027E5E2-6A32-4B5A-9AD6-4A1B7FA3FA4E}.Debug|x64.ActiveCfg = Debug|x64
		{3027E5E2-6A32-4B5A-9AD6-4A1B7FA3FA4E}.Debug|x64.Build.0 = Debug|x64
		{3027E5E2-6A32-4B5A-9AD6-4A1B7FA3FA4E}.Debug|x86.ActiveCfg = Debug|Win32
		{3027E5E2-6A32-4B5A-9AD6-4A1B7FA3FA4E}.Debug|x86.Build.0 = Debug|Win32
		{3027E5E2-6A32-4B5A-9AD6-4A1B7FA3FA4E}.Release|Any CPU.ActiveCfg = Release|x64
		{3027E5E2-6A32-4B5A-9AD6-4A1B7FA3FA4E}.Release|Any CPU.Build.0 = Release|x64
		{3027E5E2-6A32-4B5A-9AD6-4A1B7FA3FA4E}.Release|x64.ActiveCfg = Release|x64
		{3027E5E2-6A32-4B5A-9AD6-4A1B7FA3FA4E}.Release|x64.Build.0 = Release|x64
		{3027E5E2-6A32-4B5A-9AD6-4A1B7FA3FA4E}.Release|x86.ActiveCfg = Release|Win32
		{3027E5E2-6A32-4B5A-9AD6-4A1B7FA3FA4E}.Release|x86.Build.0 = Release|Win32
		{088CBC99-30A5-46A5-9F51-E48C3A16BF6B}.Debug|Any CPU.ActiveCfg = Debug|x64
		{088CBC99-30A5-46A5-9F51-E48C3A16BF6B}.Debug|Any CPU.Build.0 = Debug|x64
		{088CBC99-30A5-46A5-9F51-E48C3A16BF6B}.Debug|x64.ActiveCfg = Debug|x64
		{088CBC99-30A5-46A5-9F51-E48C3A16BF6B}.Debug|x64.Build.0 = Debug|x64
		{088CBC99-30A5-46A5-9F51-E48C3A16BF6B}.Debug|x86.ActiveCfg = Debug|Win32
		{088CBC99-30A5-46A5-9F51-E48C3A16BF6B}.Debug|x86.Build.0 = Debug|Win32
		{088CBC99-30A5-46A5-9F51-E48C3A16BF6B}.Release|Any CPU.ActiveCfg = Release|x64
		{088CBC99-30A5-46A5-9F51-E48C3A16BF6B}.Release|Any CPU.Build.0 = Release|x64
		{088CBC99-30A5-46A5-9F51-E48C3A16BF6B}.Release|x64.ActiveCfg = Release|x64
		{088CBC99-30A5-46A5-9F51-E48C3A16BF6B}.Release|x64.Build.0 = Release|x64
		{088CBC99-30A5-46A5-9F51-E48C3A16BF6B}.Release|x86.ActiveCfg = Release|Win32
		{088CBC99-30A5-46A5-9F51-E48C3A16BF6B}.Release|x86.Build.0 = Release|Win32
		{B257AC83-965F-4CDC-AC3A-0D69FE82727A}.Debug|Any CPU.ActiveCfg = Debug|x64
		{B257AC83-965F-4CDC-AC3A-0D69FE82727A}.Debug|Any CPU.Build.0 = Debug|x64
		{B257AC83-965F-4CDC-AC3A-0D69FE82727A}.Debug|x64.ActiveCfg = Debug|x64
		{B257AC83-965F-4CDC-AC3A-0D69FE82727A}.Debug|x64.Build.0 = Debug|x64
		{B257AC83-965F-4CDC-AC3A-0D69FE82727A}.Debug|x86.ActiveCfg = Debug|Win32
		{B257AC83-965F-4CDC-AC3A-0D69FE82727A}.Debug|x86.Build.0 = Debug|Win32
		{B257AC83-965F-4CDC-AC3A-0D69FE82727A}.Release|Any CPU.ActiveCfg = Release|x64
		{B257AC83-965F-4CDC-AC3A-0D69FE82727A}.Release|Any CPU.Build.0 = Release|x64
		{B257AC83-965F-4CDC-AC3A-0D69FE82727A}.Release|x64.ActiveCfg = Release|x64
		{B257AC83-965F-4CDC-AC3A-0D69FE82727A}.Release|x64.Build.0 = Release|x64
		{B257AC83-965F-4CDC-AC3A-0D69FE82727A}.Release|x86.ActiveCfg = Release|Win32
		{B257AC83-965F-4CDC-AC3A-0D69FE82727A}.Release|x86.Build.0 = Release|Win32
		{4AF8C480-C37A-413E-9BDA-A20065062DD9}.Debug|Any CPU.ActiveCfg = Debug|x64
		{4AF8C480-C37A-413E-9BDA-A20065062DD9}.Debug|Any CPU.Build.0 = Debug|x64
		{4AF8C480-C37A-413E-9BDA-A20065062DD9}.Debug|x64.ActiveCfg = Debug|x64
		{4AF8C480-C37A-413E-9BDA-A20065062DD9}.Debug|x64.Build.0 = Debug|x64
		{4AF8C480-C37A-413E-9BDA-A20065062DD9}.Debug|x86.ActiveCfg = Debug|Win32
		{4AF8C480-C37A-413E-9BDA-A20065062DD9}.Debug|x86.Build.0 = Debug|Win32
		{4AF8C480-C37A-413E-9BDA-A20065062DD9}.Release|Any CPU.ActiveCfg = Release|x64
		{4AF8C480-C37A-413E-9BDA-A20065062DD9}.Release|Any CPU.Build.0 = Release|x64
		{4AF8C480-C37A-413E-9BDA-A20065062DD9}.Release|x64.ActiveCfg = Release|x64
		{4AF8C480-C37A-413E-9BDA-A20065062DD9}.Release|x64.Build.0 = Release|x64
		{4AF8C480-C37A-413E-9BDA-A20065062DD9}.Release|x86.ActiveCfg = Release|Win32
		{4AF8C480-C37A-413E-9BDA-A20065062DD9}.Release|x86.Build.0 = Release|Win32
		{A5C74A04-9575-404E-BF77-AB3E1EE88574}.Debug|Any CPU.ActiveCfg = Debug|x64
		{A5C74A04-9575-404E-BF77-AB3E1EE88574}.Debug|Any CPU.Build.0 = Debug|x64
		{A5C74A04-9575-404E-BF77-AB3E1EE88574}.Debug|x64.ActiveCfg = Debug|x64
		{A5C74A04-9575-404E-BF77-AB3E1EE88574}.Debug|x64.Build.0 = Debug|x64
		{A5C74A04-9575-404E-BF77-AB3E1EE88574}.Debug|x86.ActiveCfg = Debug|Win32
		{A5C74A04-9575-404E-BF77-AB3E1EE88574}.Debug|x86.Build.0 = Debug|Win32
		{A5C74A04-9575-404E-BF77-AB3E1EE88574}.Release|Any CPU.ActiveCfg = Release|x64
		{A5C74A04-9575-404E-BF77-AB3E1EE88574}.Release|Any CPU.Build.0 = Release|x64
		{A5C74A04-9575-404E-BF77-AB3E1EE88574}.Release|x64.ActiveCfg = Release|x64
		{A5C74A04-9575-404E-BF77-AB3E1EE88574}.Release|x64.Build.0 = Release|x64
		{A5C74A04-9575-404E-BF77-AB3E1EE88574}.Release|x86.ActiveCfg = Release|Win32
		{A5C74A04-9575-404E-BF77-AB3E1EE88574}.Release|x86.Build.0 = Release|Win32
		{22BFF723-7306-4DE7-AE16-A6CD5F1B7A61}.Debug|Any CPU.ActiveCfg = Debug|x64
		{22BFF723-7306-4DE7-AE16-A6CD5F1B7A61}.Debug|Any CPU.Build.0 = Debug|x64
		{22BFF723-7306-4DE7-AE16-A6CD5F1B7A61}.Debug|x64.ActiveCfg = Debug|x64
		{22BFF723-7306-4DE7-AE16-A6CD5F1B7A61}.Debug|x64.Build.0 = Debug|x64
		{22BFF723-7306-4DE7-AE16-A6CD5F1B7A61}.Debug|x86.ActiveCfg = Debug|Win32
		{22BFF723-7306-4DE7-AE16-A6CD5F1B7A61}.Debug|x86.Build.0 = Debug|Win32
		{22BFF723-7306-4DE7-AE16-A6CD5F1B7A61}.Release|Any CPU.ActiveCfg = Release|x64
		{22BFF723-7306-4DE7-AE16-A6CD5F1B7A61}.Release|Any CPU.Build.0 = Release|x64
		{22BFF723-7306-4DE7-AE16-A6CD5F1B7A61}.Release|x64.ActiveCfg = Release|x64
		{22BFF723-7306-4DE7-AE16-A6CD5F1B7A61}.Release|x64.Build.0 = Release|x64
		{22BFF723-7306-4DE7-AE16-A6CD5F1B7A61}.Release|x86.ActiveCfg = Release|Win32
		{22BFF723-7306-4DE7-AE16-A6CD5F1B7A61}.Release|x86.Build.0 = Release|Win32
		{D331D204-0AE0-4B33-94D8-90FFEFDFDD93}.Debug|Any CPU.ActiveCfg = Debug|x64
		{D331D204-0AE0-4B33-94D8-90FFEFDFDD93}.Debug|Any CPU.Build.0 = Debug|x64
		{D331D204-0AE0-4B33-94D8-90FFEFDFDD93}.Debug|x64.ActiveCfg = Debug|x64
		{D331D204-0AE0-4B33-94D8-90FFEFDFDD93}.Debug|x64.Build.0 = Debug|x64
		{D331D204-0AE0-4B33-94D8-90FFEFDFDD93}.Debug|x86.ActiveCfg = Debug|Win32
		{D331D204-0AE0-4B33-94D8-90FFEFDFDD93}.Debug|x86.Build.0 = Debug|Win32
		{D331D204-0AE0-4B33-94D8-90FFEFDFDD93}.Release|Any CPU.ActiveCfg = Release|x64
		{D331D204-0AE0-4B33-94D8-90FFEFDFDD93}.Release|Any CPU.Build.0 = Release|x64
		{D331D204-0AE0-4B33-94D8-90FFEFDFDD93}.Release|x64.ActiveCfg = Release|x64
		{D331D204-0AE0-4B33-94D8-90FFEFDFDD93}.Release|x64.Build.0 = Release|x64
		{D331D204-0AE0-4B33-94D8-90FFEFDFDD93}.Release|x86.ActiveCfg = Release|Win32
		{D331D204-0AE0-4B33-94D8-90FFEFDFDD93}.Release|x86.Build.0 = Release|Win32
		{E30F0ADB-BCB7-4038-A02D-C99EC868DA1F}.Debug|Any CPU.ActiveCfg = Debug|x64
		{E30F0ADB-BCB7-4038-A02D-C99EC868DA1F}.Debug|Any CPU.Build.0 = Debug|x64
		{E30F0ADB-BCB7-4038-A02D-C99EC868DA1F}.Debug|x64.ActiveCfg = Debug|x64
		{E30F0ADB-BCB7-4038-A02D-C99EC868DA1F}.Debug|x64.Build.0 = Debug|x64
		{E30F0ADB-BCB7-4038-A02D-C99EC868DA1F}.Debug|x86.ActiveCfg = Debug|Win32
		{E30F0ADB-BCB7-4038-A02D-C99EC868DA1F}.Debug|x86.Build.0 = Debug|Win32
		{E30F0ADB-BCB7-4038-A02D-C99EC868DA1F}.Release|Any CPU.ActiveCfg = Release|x64
		{E30F0ADB-BCB7-4038-A02D-C99EC868DA1F}.Release|Any CPU.Build.0 = Release|x64
		{E30F0ADB-BCB7-4038-A02D-C99EC868DA1F}.Release|x64.ActiveCfg = Release|x64
		{E30F0ADB-BCB7-4038-A02D-C99EC868DA1F}.Release|x64.Build.0 = Release|x64
		{E30F0ADB-BCB7-4038-A02D-C99EC868DA1F}.Release|x86.ActiveCfg = Release|Win32
		{E30F0ADB-BCB7-4038-A02D-C99EC868DA1F}.Release|x86.Build.0 = Release|Win32
		{6FFC8633-CEC6-494A-A714-2D18A41A666F}.Debug|Any CPU.ActiveCfg = Debug|x64
		{6FFC8633-CEC6-494A-A714-2D18A41A666F}.Debug|Any CPU.Build.0 = Debug|x64
		{6FFC8633-CEC6-494A-A714-2D18A41A666F}.Debug|x64.ActiveCfg = Debug|x64
		{6FFC8633-CEC6-494A-A714-2D18A41A666F}.Debug|x64.Build.0 = Debug|x64
		{6FFC8633-CEC6-494A-A714-2D18A41A666F}.Debug|x86.ActiveCfg = Debug|Win32
		{6FFC8633-CEC6-494A-A714-2D18A41A666F}.Debug|x86.Build.0 = Debug|Win32
		{6FFC8633-CEC6-494A-A714-2D18A41A666F}.Release|Any CPU.ActiveCfg = Release|x64
		{6FFC8633-CEC6-494A-A714-2D18A41A666F}.Release|Any CPU.Build.0 = Release|x64
		{6FFC8633-CEC6-494A-A714-2D18A41A666F}.Release|x64.ActiveCfg = Release|x64
		{6FFC8633-CEC6-494A-A714-2D18A41A666F}.Release|x64.Build.0 = Release|x64
		{6FFC8633-CEC6-494A-A714-2D18A41A666F}.Release|x86.ActiveCfg = Release|Win32
		{6FFC8633-CEC6-494A-A714-2D18A41A666F}.Release|x86.Build.0 = Release|Win32
		{50380E48-0D76-4014-BE31-A83C7BA09D53}.Debug|Any CPU.ActiveCfg = Debug|x64
		{50380E48-0D76-4014-BE31-A83C7BA09D53}.Debug|Any CPU.Build.0 = Debug|x64
		{50380E48-0D76-4014-BE31-A83C7BA09D53}.Debug|x64.ActiveCfg = Debug|x64
		{50380E48-0D76-4014-BE31-A83C7BA09D53}.Debug|x64.Build.0 = Debug|x64
		{50380E48-0D76-4014-BE31-A83C7BA09D53}.Debug|x86.ActiveCfg = Debug|Win32
		{50380E48-0D76-4014-BE31-A83C7BA09D53}.Debug|x86.Build.0 = Debug|Win32
		{50380E48-0D76-4014-BE31-A83C7BA09D53}.Release|Any CPU.ActiveCfg = Release|x64
		{50380E48-0D76-4014-BE31-A83C7BA09D53}.Release|Any CPU.Build.0 = Release|x64
		{50380E48-0D76-4014-BE31-A83C7BA09D53}.Release|x64.ActiveCfg = Release|x64
		{50380E48-0D76-4014-BE31-A83C7BA09D53}.Release|x64.Build.0 = Release|x64
		{50380E48-0D76-4014-BE31-A83C7BA09D53}.Release|x86.ActiveCfg = Release|Win32
		{50380E48-0D76-4014-BE31-A83C7BA09D53}.Release|x86.Build.0 = Release|Win32
		{14266852-BB1C-4893-913F-B40AC157EF1F}.Debug|Any CPU.ActiveCfg = Debug|x64
		{14266852-BB1C-4893-913F-B40AC157EF1F}.Debug|Any CPU.Build.0 = Debug|x64
		{14266852-BB1C-4893-913F-B40AC157EF1F}.Debug|x64.ActiveCfg = Debug|x64
		{14266852-BB1C-4893-913F-B40AC157EF1F}.Debug|x64.Build.0 = Debug|x64
		{14266852-BB1C-4893-913F-B40AC157EF1F}.Debug|x86.ActiveCfg = Debug|Win32
		{14266852-BB1C-4893-913F-B40AC157EF1F}.Debug|x86.Build.0 = Debug|Win32
		{14266852-BB1C-4893-913F-B40AC157EF1F}.Release|Any CPU.ActiveCfg = Release|x64
		{14266852-BB1C-4893-913F-B40AC157EF1F}.Release|Any CPU.Build.0 = Release|x64
		{14266852-BB1C-4893-913F-B40AC157EF1F}.Release|x64.ActiveCfg = Release|x64
		{14266852-BB1C-4893-913F-B40AC157EF1F}.Release|x64.Build.0 = Release|x64
		{14266852-BB1C-4893-913F-B40AC157EF1F}.Release|x86.ActiveCfg = Release|Win32
		{14266852-BB1C-4893-913F-B40AC157EF1F}.Release|x86.Build.0 = Release|Win32
		{23F7DBE7-C1AB-D640-EBB5-5E47A0B47646}.Debug|Any CPU.ActiveCfg = Debug|x64
		{23F7DBE7-C1AB-D640-EBB5-5E47A0B47646}.Debug|Any CPU.Build.0 = Debug|x64
		{23F7DBE7-C1AB-D640-EBB5-5E47A0B47646}.Debug|x64.ActiveCfg = Debug|x64
		{23F7DBE7-C1AB-D640-EBB5-5E47A0B47646}.Debug|x64.Build.0 = Debug|x64
		{23F7DBE7-C1AB-D640-EBB5-5E47A0B47646}.Debug|x86.ActiveCfg = Debug|Win32
		{23F7DBE7-C1AB-D640-EBB5-5E47A0B47646}.Debug|x86.Build.0 = Debug|Win32
		{23F7DBE7-C1AB-D640-EBB5-5E47A0B47646}.Release|Any CPU.ActiveCfg = Release|x64
		{23F7DBE7-C1AB-D640-EBB5-5E47A0B47646}.Release|Any CPU.Build.0 = Release|x64
		{23F7DBE7-C1AB-D640-EBB5-5E47A0B47646}.Release|x64.ActiveCfg = Release|x64
		{23F7DBE7-C1AB-D640-EBB5-5E47A0B47646}.Release|x64.Build.0 = Release|x64
		{23F7DBE7-C1AB-D640-EBB5-5E47A0B47646}.Release|x86.ActiveCfg = Release|Win32
		{23F7DBE7-C1AB-D640-EBB5-5E47A0B47646}.Release|x86.Build.0 = Release|Win32
		{95106016-902F-3DB9-1B2E-5A23698FCAE1}.Debug|Any CPU.ActiveCfg = Debug|x64
		{95106016-902F-3DB9-1B2E-5A23698FCAE1}.Debug|x64.ActiveCfg = Debug|x64
		{95106016-902F-3DB9-1B2E-5A23698FCAE1}.Debug|x86.ActiveCfg = Debug|Win32
		{95106016-902F-3DB9-1B2E-5A23698FCAE1}.Release|Any CPU.ActiveCfg = Release|x64
		{95106016-902F-3DB9-1B2E-5A23698FCAE1}.Release|x64.ActiveCfg = Release|x64
		{95106016-902F-3DB9-1B2E-5A23698FCAE1}.Release|x86.ActiveCfg = Release|Win32
	EndGlobalSection
	GlobalSection(SolutionProperties) = preSolution
		HideSolutionNode = FALSE
	EndGlobalSection
	GlobalSection(NestedProjects) = preSolution
		{3513E15E-7511-4EAA-BA25-61582EAFD4C0} = {17B4FCFD-C724-4CA7-B70C-3493CD6F6160}
		{865C9FDD-8242-4555-981C-E475C4C4ADE1} = {17B4FCFD-C724-4CA7-B70C-3493CD6F6160}
		{1FDEB186-2B91-46F1-8B4C-E7F17D9256AC} = {1B236FB4-1778-4085-A9BE-39E5939E3F87}
		{1D37C936-B6A3-465C-9DFC-3E951F1DF705} = {1B236FB4-1778-4085-A9BE-39E5939E3F87}
		{81D89606-C40E-2686-C9F0-5DC635D94442} = {3AFDEBF1-4B99-4F0A-923B-6D6D01B8587A}
		{228ACFB5-A16D-40D1-8DEF-0748FF1BDF36} = {17B4FCFD-C724-4CA7-B70C-3493CD6F6160}
		{3677E08A-4789-4ACD-9006-5D241B1EFA60} = {3AFDEBF1-4B99-4F0A-923B-6D6D01B8587A}
		{8E08588B-9845-4AB7-81C4-44DF03E79882} = {3AFDEBF1-4B99-4F0A-923B-6D6D01B8587A}
		{CB92C1A7-0ADD-4B0D-BA8C-20BE6C695D6C} = {02EA681E-C7D8-13C7-8484-4AC65E1B71E8}
		{3027E5E2-6A32-4B5A-9AD6-4A1B7FA3FA4E} = {02EA681E-C7D8-13C7-8484-4AC65E1B71E8}
		{051C1662-7795-4D96-904A-1C2C0215B3C9} = {02EA681E-C7D8-13C7-8484-4AC65E1B71E8}
		{088CBC99-30A5-46A5-9F51-E48C3A16BF6B} = {051C1662-7795-4D96-904A-1C2C0215B3C9}
		{B257AC83-965F-4CDC-AC3A-0D69FE82727A} = {051C1662-7795-4D96-904A-1C2C0215B3C9}
		{4AF8C480-C37A-413E-9BDA-A20065062DD9} = {051C1662-7795-4D96-904A-1C2C0215B3C9}
		{316122A8-2B3C-44A8-B091-51B5D7EAF2D2} = {02EA681E-C7D8-13C7-8484-4AC65E1B71E8}
		{A5C74A04-9575-404E-BF77-AB3E1EE88574} = {316122A8-2B3C-44A8-B091-51B5D7EAF2D2}
		{22BFF723-7306-4DE7-AE16-A6CD5F1B7A61} = {316122A8-2B3C-44A8-B091-51B5D7EAF2D2}
		{D331D204-0AE0-4B33-94D8-90FFEFDFDD93} = {316122A8-2B3C-44A8-B091-51B5D7EAF2D2}
		{1164672A-9DA1-4D47-9F54-C393A473BB3E} = {02EA681E-C7D8-13C7-8484-4AC65E1B71E8}
		{E30F0ADB-BCB7-4038-A02D-C99EC868DA1F} = {1164672A-9DA1-4D47-9F54-C393A473BB3E}
		{6FFC8633-CEC6-494A-A714-2D18A41A666F} = {1164672A-9DA1-4D47-9F54-C393A473BB3E}
		{50380E48-0D76-4014-BE31-A83C7BA09D53} = {17B4FCFD-C724-4CA7-B70C-3493CD6F6160}
		{14266852-BB1C-4893-913F-B40AC157EF1F} = {17B4FCFD-C724-4CA7-B70C-3493CD6F6160}
		{16FD1C72-B0F3-46FC-9230-A2A1D45D3BFE} = {02EA681E-C7D8-13C7-8484-4AC65E1B71E8}
		{23F7DBE7-C1AB-D640-EBB5-5E47A0B47646} = {16FD1C72-B0F3-46FC-9230-A2A1D45D3BFE}
		{95106016-902F-3DB9-1B2E-5A23698FCAE1} = {16FD1C72-B0F3-46FC-9230-A2A1D45D3BFE}
	EndGlobalSection
	GlobalSection(ExtensibilityGlobals) = postSolution
		SolutionGuid = {05D2EF72-13F0-4600-8DFD-6A9ECF3FA0BD}
	EndGlobalSection
EndGlobal
